<?xml version="1.0" encoding="utf-8"?>
<Project ToolsVersion="4.0" xmlns="http://schemas.microsoft.com/developer/msbuild/2003">
  <ItemGroup>
    <Filter Include="Source Files">
      <UniqueIdentifier>{4FC737F1-C7A5-4376-A066-2A32D752A2FF}</UniqueIdentifier>
      <Extensions>cpp;cxx;c;def</Extensions>
    </Filter>
    <Filter Include="Header Files">
      <UniqueIdentifier>{93995380-89BD-4b04-88EB-625FBE52EBFB}</UniqueIdentifier>
      <Extensions>h</Extensions>
    </Filter>
    <Filter Include="Form Files">
      <UniqueIdentifier>{99349809-55BA-4b9d-BF79-8FDBB0286EB3}</UniqueIdentifier>
      <Extensions>ui</Extensions>
    </Filter>
    <Filter Include="Generated Files">
      <UniqueIdentifier>{71ED8ED8-ACB9-4CE9-BBE1-E00B30144E11}</UniqueIdentifier>
      <Extensions>moc;h;cpp</Extensions>
      <SourceControlFiles>False</SourceControlFiles>
    </Filter>
    <Filter Include="Generated Files\Debug">
      <UniqueIdentifier>{8485ece6-c0a2-4250-9d3d-8052d467c020}</UniqueIdentifier>
      <Extensions>cpp;moc</Extensions>
      <SourceControlFiles>False</SourceControlFiles>
    </Filter>
    <Filter Include="Generated Files\Release">
      <UniqueIdentifier>{5697127f-ffc5-4ad2-b9e5-ac92d9c86d93}</UniqueIdentifier>
      <Extensions>cpp;moc</Extensions>
      <SourceControlFiles>False</SourceControlFiles>
    </Filter>
    <Filter Include="Header Files\Private">
      <UniqueIdentifier>{4df690e7-5898-4390-95ef-8caba42349d4}</UniqueIdentifier>
    </Filter>
    <Filter Include="Documentation">
      <UniqueIdentifier>{ce5a4c6d-46a5-41d9-b04d-bc692e90e597}</UniqueIdentifier>
    </Filter>
  </ItemGroup>
  <ItemGroup>
    <ClCompile Include="QBbgGenerals.cpp">
      <Filter>Source Files</Filter>
    </ClCompile>
    <ClCompile Include="QBbgRequest.cpp">
      <Filter>Source Files</Filter>
    </ClCompile>
    <ClCompile Include="QBbgWorker.cpp">
      <Filter>Source Files</Filter>
    </ClCompile>
    <ClCompile Include="QSingleBbgRequest.cpp">
      <Filter>Source Files</Filter>
    </ClCompile>
    <ClCompile Include="QSingleBbgResult.cpp">
      <Filter>Source Files</Filter>
    </ClCompile>
    <ClCompile Include="GeneratedFiles\Debug\moc_QBbgWorker.cpp">
      <Filter>Generated Files\Debug</Filter>
    </ClCompile>
    <ClCompile Include="GeneratedFiles\Release\moc_QBbgWorker.cpp">
      <Filter>Generated Files\Release</Filter>
    </ClCompile>
  </ItemGroup>
  <ItemGroup>
    <ClInclude Include="QBbgGenerals.h">
      <Filter>Header Files</Filter>
    </ClInclude>
    <ClInclude Include="QBbgProjectGlobals.h">
      <Filter>Header Files</Filter>
    </ClInclude>
    <ClInclude Include="QBbgRequest.h">
      <Filter>Header Files</Filter>
    </ClInclude>
    <ClInclude Include="QSingleBbgRequest.h">
      <Filter>Header Files</Filter>
    </ClInclude>
    <ClInclude Include="QSingleBbgResult.h">
      <Filter>Header Files</Filter>
    </ClInclude>
    <ClInclude Include="QBbgWorker_p.h">
      <Filter>Header Files\Private</Filter>
    </ClInclude>
    <ClInclude Include="QBbgRequest_p.h">
      <Filter>Header Files\Private</Filter>
    </ClInclude>
    <ClInclude Include="QSingleBbgRequest_p.h">
      <Filter>Header Files\Private</Filter>
    </ClInclude>
    <ClInclude Include="QSingleBbgResult_p.h">
      <Filter>Header Files\Private</Filter>
    </ClInclude>
  </ItemGroup>
  <ItemGroup>
    <CustomBuild Include="QBbgWorker.h">
      <Filter>Header Files</Filter>
    </CustomBuild>
  </ItemGroup>
  <ItemGroup>
    <None Include="..\Documentation\DoxygenConfig.doxyfile">
      <Filter>Documentation</Filter>
    </None>
    <None Include="..\README.markdown">
      <Filter>Documentation</Filter>
    </None>
  </ItemGroup>
</Project>