<?xml version="1.0" encoding="utf-8"?>
<Project ToolsVersion="4.0" xmlns="http://schemas.microsoft.com/developer/msbuild/2003">
  <ItemGroup>
    <Filter Include="Source Files">
      <UniqueIdentifier>{4FC737F1-C7A5-4376-A066-2A32D752A2FF}</UniqueIdentifier>
      <Extensions>cpp;cxx;c;def</Extensions>
    </Filter>
    <Filter Include="Header Files">
      <UniqueIdentifier>{93995380-89BD-4b04-88EB-625FBE52EBFB}</UniqueIdentifier>
      <Extensions>h</Extensions>
    </Filter>
    <Filter Include="Generated Files">
      <UniqueIdentifier>{71ED8ED8-ACB9-4CE9-BBE1-E00B30144E11}</UniqueIdentifier>
      <Extensions>moc;h;cpp</Extensions>
      <SourceControlFiles>False</SourceControlFiles>
    </Filter>
    <Filter Include="Generated Files\Debug">
      <UniqueIdentifier>{8485ece6-c0a2-4250-9d3d-8052d467c020}</UniqueIdentifier>
      <Extensions>cpp;moc</Extensions>
      <SourceControlFiles>False</SourceControlFiles>
    </Filter>
    <Filter Include="Generated Files\Release">
      <UniqueIdentifier>{5697127f-ffc5-4ad2-b9e5-ac92d9c86d93}</UniqueIdentifier>
      <Extensions>cpp;moc</Extensions>
      <SourceControlFiles>False</SourceControlFiles>
    </Filter>
    <Filter Include="Documentation">
      <UniqueIdentifier>{ce5a4c6d-46a5-41d9-b04d-bc692e90e597}</UniqueIdentifier>
    </Filter>
    <Filter Include="Header Files\RequestResponse">
      <UniqueIdentifier>{67cbcb2a-dc86-4136-8d09-1f4a481e9661}</UniqueIdentifier>
    </Filter>
    <Filter Include="Header Files\RequestResponse\Requests">
      <UniqueIdentifier>{a17d6a96-a70b-4c8e-bd1a-6d8bf04ff5f0}</UniqueIdentifier>
    </Filter>
    <Filter Include="Source Files\RequestResponse">
      <UniqueIdentifier>{b2f6ce71-9290-4f82-b55d-f9b3a69e6797}</UniqueIdentifier>
    </Filter>
    <Filter Include="Source Files\RequestResponse\Requests">
      <UniqueIdentifier>{2aaec154-7fe1-482b-9de2-4d912834efe0}</UniqueIdentifier>
    </Filter>
    <Filter Include="Header Files\RequestResponse\Response">
      <UniqueIdentifier>{dba24b37-65b2-4301-b984-4cefffa944c3}</UniqueIdentifier>
    </Filter>
    <Filter Include="Source Files\RequestResponse\Response">
      <UniqueIdentifier>{e3ef0e8a-3432-4d5c-b82b-a1a53fe5c584}</UniqueIdentifier>
    </Filter>
    <Filter Include="Private">
      <UniqueIdentifier>{6449eb06-0a70-44dc-9db7-ac51baa9abb3}</UniqueIdentifier>
    </Filter>
    <Filter Include="Private\Workers">
      <UniqueIdentifier>{0132162a-640b-4a39-9f5b-99366a4174ff}</UniqueIdentifier>
    </Filter>
    <Filter Include="Includes">
      <UniqueIdentifier>{6500cee6-dfe0-43bd-8950-9766d0a1ddd3}</UniqueIdentifier>
    </Filter>
    <Filter Include="Private\Request">
      <UniqueIdentifier>{fd254046-22ae-455b-9564-c0c3931e9613}</UniqueIdentifier>
    </Filter>
    <Filter Include="Private\Response">
      <UniqueIdentifier>{e9436542-6646-4224-ae68-f31d65ab7a33}</UniqueIdentifier>
    </Filter>
  </ItemGroup>
  <ItemGroup>
    <ClCompile Include="QBbgSecurity.cpp">
      <Filter>Source Files</Filter>
    </ClCompile>
    <ClCompile Include="QBbgAbstractRequest.cpp">
      <Filter>Source Files\RequestResponse\Requests</Filter>
    </ClCompile>
    <ClCompile Include="QBbgAbstractFieldRequest.cpp">
      <Filter>Source Files\RequestResponse\Requests</Filter>
    </ClCompile>
    <ClCompile Include="QBbgAbstractResponse.cpp">
      <Filter>Source Files\RequestResponse\Response</Filter>
    </ClCompile>
    <ClCompile Include="QBbgAbstractFieldResponse.cpp">
      <Filter>Source Files\RequestResponse\Response</Filter>
    </ClCompile>
    <ClCompile Include="QBbgReferenceDataResponse.cpp">
      <Filter>Source Files\RequestResponse\Response</Filter>
    </ClCompile>
    <ClCompile Include="QBbgOverride.cpp">
      <Filter>Source Files</Filter>
    </ClCompile>
    <ClCompile Include="QBbgManager.cpp">
      <Filter>Source Files</Filter>
    </ClCompile>
    <ClCompile Include="QBbgPortfolioDataRequest.cpp">
      <Filter>Source Files\RequestResponse\Requests</Filter>
    </ClCompile>
    <ClCompile Include="QBbgPortfolioDataResponse.cpp">
      <Filter>Source Files\RequestResponse\Response</Filter>
    </ClCompile>
    <ClCompile Include="QBbgHistoricalDataRequest.cpp">
      <Filter>Source Files\RequestResponse\Requests</Filter>
    </ClCompile>
    <ClCompile Include="QBbgHistoricalDataResponse.cpp">
      <Filter>Source Files\RequestResponse\Response</Filter>
    </ClCompile>
    <ClCompile Include="GeneratedFiles\Debug\moc_QBbgManager.cpp">
      <Filter>Generated Files\Debug</Filter>
    </ClCompile>
    <ClCompile Include="GeneratedFiles\Release\moc_QBbgManager.cpp">
      <Filter>Generated Files\Release</Filter>
    </ClCompile>
    <ClCompile Include="private\QBbgAbstractWorker.cpp">
      <Filter>Private\Workers</Filter>
    </ClCompile>
    <ClCompile Include="private\QBbgRequestResponseWorker.cpp">
      <Filter>Private\Workers</Filter>
    </ClCompile>
    <ClCompile Include="GeneratedFiles\Debug\moc_QBbgAbstractWorker_p.cpp">
      <Filter>Generated Files\Debug</Filter>
    </ClCompile>
    <ClCompile Include="GeneratedFiles\Release\moc_QBbgAbstractWorker_p.cpp">
      <Filter>Generated Files\Release</Filter>
    </ClCompile>
    <ClCompile Include="GeneratedFiles\Debug\moc_QBbgRequestResponseWorker_p.cpp">
      <Filter>Generated Files\Debug</Filter>
    </ClCompile>
    <ClCompile Include="GeneratedFiles\Release\moc_QBbgRequestResponseWorker_p.cpp">
      <Filter>Generated Files\Release</Filter>
    </ClCompile>
    <ClCompile Include="QBbgRequestGroup.cpp">
      <Filter>Source Files\RequestResponse\Requests</Filter>
    </ClCompile>
    <ClCompile Include="GeneratedFiles\Debug\moc_QBbgSecurity.cpp">
      <Filter>Generated Files\Debug</Filter>
    </ClCompile>
    <ClCompile Include="GeneratedFiles\Release\moc_QBbgSecurity.cpp">
      <Filter>Generated Files\Release</Filter>
    </ClCompile>
    <ClCompile Include="GeneratedFiles\Debug\moc_QBbgOverride.cpp">
      <Filter>Generated Files\Debug</Filter>
    </ClCompile>
    <ClCompile Include="GeneratedFiles\Release\moc_QBbgOverride.cpp">
      <Filter>Generated Files\Release</Filter>
    </ClCompile>
    <ClCompile Include="GeneratedFiles\Debug\moc_QBbgRequestGroup.cpp">
      <Filter>Generated Files\Debug</Filter>
    </ClCompile>
    <ClCompile Include="GeneratedFiles\Release\moc_QBbgRequestGroup.cpp">
      <Filter>Generated Files\Release</Filter>
    </ClCompile>
    <ClCompile Include="GeneratedFiles\Debug\moc_QBbgAbstractRequest.cpp">
      <Filter>Generated Files\Debug</Filter>
    </ClCompile>
    <ClCompile Include="GeneratedFiles\Release\moc_QBbgAbstractRequest.cpp">
      <Filter>Generated Files\Release</Filter>
    </ClCompile>
    <ClCompile Include="GeneratedFiles\Debug\moc_QBbgAbstractResponse.cpp">
      <Filter>Generated Files\Debug</Filter>
    </ClCompile>
    <ClCompile Include="GeneratedFiles\Release\moc_QBbgAbstractResponse.cpp">
      <Filter>Generated Files\Release</Filter>
    </ClCompile>
    <ClCompile Include="GeneratedFiles\Debug\moc_QBbgAbstractFieldRequest.cpp">
      <Filter>Generated Files\Debug</Filter>
    </ClCompile>
    <ClCompile Include="GeneratedFiles\Release\moc_QBbgAbstractFieldRequest.cpp">
      <Filter>Generated Files\Release</Filter>
    </ClCompile>
    <ClCompile Include="GeneratedFiles\Debug\moc_QBbgHistoricalDataRequest.cpp">
      <Filter>Generated Files\Debug</Filter>
    </ClCompile>
    <ClCompile Include="GeneratedFiles\Release\moc_QBbgHistoricalDataRequest.cpp">
      <Filter>Generated Files\Release</Filter>
    </ClCompile>
    <ClCompile Include="GeneratedFiles\Debug\moc_QBbgPortfolioDataRequest.cpp">
      <Filter>Generated Files\Debug</Filter>
    </ClCompile>
    <ClCompile Include="GeneratedFiles\Release\moc_QBbgPortfolioDataRequest.cpp">
      <Filter>Generated Files\Release</Filter>
    </ClCompile>
    <ClCompile Include="QBbgReferenceDataRequest.cpp">
      <Filter>Source Files\RequestResponse\Requests</Filter>
    </ClCompile>
    <ClCompile Include="GeneratedFiles\Debug\moc_QbbgReferenceDataRequest.cpp">
      <Filter>Generated Files\Debug</Filter>
    </ClCompile>
    <ClCompile Include="GeneratedFiles\Release\moc_QbbgReferenceDataRequest.cpp">
      <Filter>Generated Files\Release</Filter>
    </ClCompile>
    <ClCompile Include="GeneratedFiles\Debug\moc_QBbgAbstractFieldResponse.cpp">
      <Filter>Generated Files\Debug</Filter>
    </ClCompile>
    <ClCompile Include="GeneratedFiles\Release\moc_QBbgAbstractFieldResponse.cpp">
      <Filter>Generated Files\Release</Filter>
    </ClCompile>
    <ClCompile Include="GeneratedFiles\Debug\moc_QBbgHistoricalDataResponse.cpp">
      <Filter>Generated Files\Debug</Filter>
    </ClCompile>
    <ClCompile Include="GeneratedFiles\Release\moc_QBbgHistoricalDataResponse.cpp">
      <Filter>Generated Files\Release</Filter>
    </ClCompile>
    <ClCompile Include="GeneratedFiles\Debug\moc_QBbgPortfolioDataResponse.cpp">
      <Filter>Generated Files\Debug</Filter>
    </ClCompile>
    <ClCompile Include="GeneratedFiles\Release\moc_QBbgPortfolioDataResponse.cpp">
      <Filter>Generated Files\Release</Filter>
    </ClCompile>
    <ClCompile Include="GeneratedFiles\Debug\moc_QBbgReferenceDataResponse.cpp">
      <Filter>Generated Files\Debug</Filter>
    </ClCompile>
    <ClCompile Include="GeneratedFiles\Release\moc_QBbgReferenceDataResponse.cpp">
      <Filter>Generated Files\Release</Filter>
    </ClCompile>
    <ClCompile Include="QBbgAbstractIntradayRequest.cpp">
      <Filter>Source Files\RequestResponse\Requests</Filter>
    </ClCompile>
    <ClCompile Include="GeneratedFiles\Debug\moc_QBbgAbstractIntradayRequest.cpp">
      <Filter>Generated Files\Debug</Filter>
    </ClCompile>
    <ClCompile Include="GeneratedFiles\Release\moc_QBbgAbstractIntradayRequest.cpp">
      <Filter>Generated Files\Release</Filter>
    </ClCompile>
    <ClCompile Include="QBbgIntradayTickRequest.cpp">
      <Filter>Source Files\RequestResponse\Requests</Filter>
    </ClCompile>
    <ClCompile Include="GeneratedFiles\Debug\moc_QBbgIntradayTickRequest.cpp">
      <Filter>Generated Files\Debug</Filter>
    </ClCompile>
    <ClCompile Include="GeneratedFiles\Release\moc_QBbgIntradayTickRequest.cpp">
      <Filter>Generated Files\Release</Filter>
    </ClCompile>
    <ClCompile Include="QBbgAbstractIntradayResponse.cpp">
      <Filter>Source Files\RequestResponse\Response</Filter>
    </ClCompile>
    <ClCompile Include="GeneratedFiles\Debug\moc_QBbgAbstractIntradayResponse.cpp">
      <Filter>Generated Files\Debug</Filter>
    </ClCompile>
    <ClCompile Include="GeneratedFiles\Release\moc_QBbgAbstractIntradayResponse.cpp">
      <Filter>Generated Files\Release</Filter>
    </ClCompile>
    <ClCompile Include="QBbgIntradayTickResponse.cpp">
      <Filter>Source Files\RequestResponse\Response</Filter>
    </ClCompile>
    <ClCompile Include="GeneratedFiles\Debug\moc_QBbgIntradayTickResponse.cpp">
      <Filter>Generated Files\Debug</Filter>
    </ClCompile>
    <ClCompile Include="GeneratedFiles\Release\moc_QBbgIntradayTickResponse.cpp">
      <Filter>Generated Files\Release</Filter>
    </ClCompile>
  </ItemGroup>
  <ItemGroup>
    <ClInclude Include="QBbgProjectGlobals.h">
      <Filter>Header Files</Filter>
    </ClInclude>
    <ClInclude Include="private\QBbgManager_p.h">
      <Filter>Private</Filter>
    </ClInclude>
    <ClInclude Include="private\QBbgOverride_p.h">
      <Filter>Private</Filter>
    </ClInclude>
    <ClInclude Include="private\QBbgSecurity_p.h">
      <Filter>Private</Filter>
    </ClInclude>
    <ClInclude Include="private\QBbgAbstractFieldRequest_p.h">
      <Filter>Private\Request</Filter>
    </ClInclude>
    <ClInclude Include="private\QBbgAbstractIntradayRequest_p.h">
      <Filter>Private\Request</Filter>
    </ClInclude>
    <ClInclude Include="private\QBbgAbstractRequest_p.h">
      <Filter>Private\Request</Filter>
    </ClInclude>
    <ClInclude Include="private\QBbgHistoricalDataRequest_p.h">
      <Filter>Private\Request</Filter>
    </ClInclude>
    <ClInclude Include="private\QBbgIntradayTickRequest_p.h">
      <Filter>Private\Request</Filter>
    </ClInclude>
    <ClInclude Include="private\QBbgPortfolioDataRequest_p.h">
      <Filter>Private\Request</Filter>
    </ClInclude>
    <ClInclude Include="private\QBbgReferenceDataRequest_p.h">
      <Filter>Private\Request</Filter>
    </ClInclude>
    <ClInclude Include="private\QBbgRequestGroup_p.h">
      <Filter>Private\Request</Filter>
    </ClInclude>
    <ClInclude Include="private\QBbgAbstractFieldResponse_p.h">
      <Filter>Private\Response</Filter>
    </ClInclude>
    <ClInclude Include="private\QBbgAbstractResponse_p.h">
      <Filter>Private\Response</Filter>
    </ClInclude>
    <ClInclude Include="private\QBbgHistoricalDataResponse_p.h">
      <Filter>Private\Response</Filter>
    </ClInclude>
    <ClInclude Include="private\QBbgPortfolioDataResponse_p.h">
      <Filter>Private\Response</Filter>
    </ClInclude>
    <ClInclude Include="private\QBbgReferenceDataResponse_p.h">
      <Filter>Private\Response</Filter>
    </ClInclude>
    <ClInclude Include="private\QBbgAbstractIntradayResponse_p.h">
      <Filter>Private\Response</Filter>
    </ClInclude>
    <ClInclude Include="private\QBbgIntradayTickResponse_p.h">
      <Filter>Private\Response</Filter>
    </ClInclude>
  </ItemGroup>
  <ItemGroup>
    <CustomBuild Include="QBbgManager.h">
      <Filter>Header Files</Filter>
    </CustomBuild>
    <CustomBuild Include="private\QBbgAbstractWorker_p.h">
      <Filter>Private\Workers</Filter>
    </CustomBuild>
    <CustomBuild Include="private\QBbgRequestResponseWorker_p.h">
      <Filter>Private\Workers</Filter>
    </CustomBuild>
    <CustomBuild Include="QBbgSecurity.h">
      <Filter>Header Files</Filter>
    </CustomBuild>
    <CustomBuild Include="QBbgOverride.h">
      <Filter>Header Files</Filter>
    </CustomBuild>
    <CustomBuild Include="QBbgRequestGroup.h">
      <Filter>Header Files\RequestResponse\Requests</Filter>
    </CustomBuild>
    <CustomBuild Include="QBbgAbstractRequest.h">
      <Filter>Header Files\RequestResponse\Requests</Filter>
    </CustomBuild>
    <CustomBuild Include="QBbgAbstractResponse.h">
      <Filter>Header Files\RequestResponse\Response</Filter>
    </CustomBuild>
    <CustomBuild Include="QBbgAbstractFieldRequest.h">
      <Filter>Header Files\RequestResponse\Requests</Filter>
    </CustomBuild>
    <CustomBuild Include="QBbgHistoricalDataRequest.h">
      <Filter>Header Files\RequestResponse\Requests</Filter>
    </CustomBuild>
    <CustomBuild Include="QBbgPortfolioDataRequest.h">
      <Filter>Header Files\RequestResponse\Requests</Filter>
    </CustomBuild>
    <CustomBuild Include="QbbgReferenceDataRequest.h">
      <Filter>Header Files\RequestResponse\Requests</Filter>
    </CustomBuild>
    <CustomBuild Include="QBbgAbstractFieldResponse.h">
      <Filter>Header Files\RequestResponse\Response</Filter>
    </CustomBuild>
    <CustomBuild Include="QBbgHistoricalDataResponse.h">
      <Filter>Header Files\RequestResponse\Response</Filter>
    </CustomBuild>
    <CustomBuild Include="QBbgPortfolioDataResponse.h">
      <Filter>Header Files\RequestResponse\Response</Filter>
    </CustomBuild>
    <CustomBuild Include="QBbgReferenceDataResponse.h">
      <Filter>Header Files\RequestResponse\Response</Filter>
    </CustomBuild>
    <CustomBuild Include="QBbgAbstractIntradayRequest.h">
      <Filter>Header Files\RequestResponse\Requests</Filter>
    </CustomBuild>
    <CustomBuild Include="QBbgIntradayTickRequest.h">
      <Filter>Header Files\RequestResponse\Requests</Filter>
    </CustomBuild>
    <CustomBuild Include="QBbgAbstractIntradayResponse.h">
      <Filter>Header Files\RequestResponse\Response</Filter>
    </CustomBuild>
    <CustomBuild Include="QBbgIntradayTickResponse.h">
      <Filter>Header Files\RequestResponse\Response</Filter>
    </CustomBuild>
  </ItemGroup>
  <ItemGroup>
    <None Include="..\Documentation\DoxygenConfig.doxyfile">
      <Filter>Documentation</Filter>
    </None>
    <None Include="..\README.markdown">
      <Filter>Documentation</Filter>
    </None>
    <None Include="QBbgLib.pri" />
    <None Include="QBbgLib.pro" />
    <None Include="..\LICENSE">
      <Filter>Documentation</Filter>
    </None>
    <None Include="Includes\QBbgHistoricalData">
      <Filter>Includes</Filter>
    </None>
    <None Include="Includes\QBbgLib">
      <Filter>Includes</Filter>
    </None>
    <None Include="Includes\QBbgManager">
      <Filter>Includes</Filter>
    </None>
    <None Include="Includes\QBbgPortfolioData">
      <Filter>Includes</Filter>
    </None>
    <None Include="Includes\QBbgReferenceData">
      <Filter>Includes</Filter>
    </None>
    <None Include="Includes\QBbgRequestGroup">
      <Filter>Includes</Filter>
    </None>
    <None Include="Includes\QBbgIntradayTick">
      <Filter>Includes</Filter>
    </None>
  </ItemGroup>
</Project>